// !$*UTF8*$!
{
	archiveVersion = 1;
	classes = {
	};
	objectVersion = 56;
	objects = {

/* Begin PBXBuildFile section */
		8A24C2CF2B06350400BBAD9A /* LandmarksApp.swift in Sources */ = {isa = PBXBuildFile; fileRef = 8A24C2CE2B06350400BBAD9A /* LandmarksApp.swift */; };
		8A24C2D12B06350400BBAD9A /* ContentView.swift in Sources */ = {isa = PBXBuildFile; fileRef = 8A24C2D02B06350400BBAD9A /* ContentView.swift */; };
		8A24C2D32B06350700BBAD9A /* Assets.xcassets in Resources */ = {isa = PBXBuildFile; fileRef = 8A24C2D22B06350700BBAD9A /* Assets.xcassets */; };
		8A24C2D62B06350700BBAD9A /* Preview Assets.xcassets in Resources */ = {isa = PBXBuildFile; fileRef = 8A24C2D52B06350700BBAD9A /* Preview Assets.xcassets */; };
		8A24C2DD2B075BB200BBAD9A /* CircleImage.swift in Sources */ = {isa = PBXBuildFile; fileRef = 8A24C2DC2B075BB200BBAD9A /* CircleImage.swift */; };
		8A24C2DF2B0764A000BBAD9A /* MapView.swift in Sources */ = {isa = PBXBuildFile; fileRef = 8A24C2DE2B0764A000BBAD9A /* MapView.swift */; };
		8A24C2E22B07744300BBAD9A /* landmarkData.json in Resources */ = {isa = PBXBuildFile; fileRef = 8A24C2E12B07744300BBAD9A /* landmarkData.json */; };
		8A24C2E62B0774B700BBAD9A /* Landmark.swift in Sources */ = {isa = PBXBuildFile; fileRef = 8A24C2E52B0774B700BBAD9A /* Landmark.swift */; };
		8A24C2E82B077C5000BBAD9A /* ModelData.swift in Sources */ = {isa = PBXBuildFile; fileRef = 8A24C2E72B077C5000BBAD9A /* ModelData.swift */; };
		8A24C2EC2B07806F00BBAD9A /* LandmarkRow.swift in Sources */ = {isa = PBXBuildFile; fileRef = 8A24C2EB2B07806F00BBAD9A /* LandmarkRow.swift */; };
		8A709EF32B078A6E00E8C2F4 /* LandmarkList.swift in Sources */ = {isa = PBXBuildFile; fileRef = 8A709EF22B078A6E00E8C2F4 /* LandmarkList.swift */; };
/* End PBXBuildFile section */

/* Begin PBXFileReference section */
		8A24C2CB2B06350400BBAD9A /* Landmarks.app */ = {isa = PBXFileReference; explicitFileType = wrapper.application; includeInIndex = 0; path = Landmarks.app; sourceTree = BUILT_PRODUCTS_DIR; };
		8A24C2CE2B06350400BBAD9A /* LandmarksApp.swift */ = {isa = PBXFileReference; lastKnownFileType = sourcecode.swift; path = LandmarksApp.swift; sourceTree = "<group>"; };
		8A24C2D02B06350400BBAD9A /* ContentView.swift */ = {isa = PBXFileReference; lastKnownFileType = sourcecode.swift; path = ContentView.swift; sourceTree = "<group>"; };
		8A24C2D22B06350700BBAD9A /* Assets.xcassets */ = {isa = PBXFileReference; lastKnownFileType = folder.assetcatalog; path = Assets.xcassets; sourceTree = "<group>"; };
		8A24C2D52B06350700BBAD9A /* Preview Assets.xcassets */ = {isa = PBXFileReference; lastKnownFileType = folder.assetcatalog; path = "Preview Assets.xcassets"; sourceTree = "<group>"; };
		8A24C2DC2B075BB200BBAD9A /* CircleImage.swift */ = {isa = PBXFileReference; lastKnownFileType = sourcecode.swift; path = CircleImage.swift; sourceTree = "<group>"; };
		8A24C2DE2B0764A000BBAD9A /* MapView.swift */ = {isa = PBXFileReference; lastKnownFileType = sourcecode.swift; path = MapView.swift; sourceTree = "<group>"; };
		8A24C2E12B07744300BBAD9A /* landmarkData.json */ = {isa = PBXFileReference; fileEncoding = 4; lastKnownFileType = text.json; path = landmarkData.json; sourceTree = "<group>"; };
		8A24C2E52B0774B700BBAD9A /* Landmark.swift */ = {isa = PBXFileReference; lastKnownFileType = sourcecode.swift; path = Landmark.swift; sourceTree = "<group>"; };
		8A24C2E72B077C5000BBAD9A /* ModelData.swift */ = {isa = PBXFileReference; lastKnownFileType = sourcecode.swift; path = ModelData.swift; sourceTree = "<group>"; };
		8A24C2EB2B07806F00BBAD9A /* LandmarkRow.swift */ = {isa = PBXFileReference; lastKnownFileType = sourcecode.swift; path = LandmarkRow.swift; sourceTree = "<group>"; };
		8A709EF22B078A6E00E8C2F4 /* LandmarkList.swift */ = {isa = PBXFileReference; lastKnownFileType = sourcecode.swift; path = LandmarkList.swift; sourceTree = "<group>"; };
/* End PBXFileReference section */

/* Begin PBXFrameworksBuildPhase section */
		8A24C2C82B06350400BBAD9A /* Frameworks */ = {
			isa = PBXFrameworksBuildPhase;
			buildActionMask = 2147483647;
			files = (
			);
			runOnlyForDeploymentPostprocessing = 0;
		};
/* End PBXFrameworksBuildPhase section */

/* Begin PBXGroup section */
		8A24C2C22B06350400BBAD9A = {
			isa = PBXGroup;
			children = (
				8A24C2CD2B06350400BBAD9A /* Landmarks */,
				8A24C2CC2B06350400BBAD9A /* Products */,
			);
			sourceTree = "<group>";
		};
		8A24C2CC2B06350400BBAD9A /* Products */ = {
			isa = PBXGroup;
			children = (
				8A24C2CB2B06350400BBAD9A /* Landmarks.app */,
			);
			name = Products;
			sourceTree = "<group>";
		};
		8A24C2CD2B06350400BBAD9A /* Landmarks */ = {
			isa = PBXGroup;
			children = (
				8A24C2E42B07748A00BBAD9A /* Views */,
				8A24C2E32B07747F00BBAD9A /* Model */,
				8A24C2E02B07743200BBAD9A /* Resources */,
				8A24C2CE2B06350400BBAD9A /* LandmarksApp.swift */,
				8A24C2D22B06350700BBAD9A /* Assets.xcassets */,
				8A24C2D42B06350700BBAD9A /* Preview Content */,
			);
			path = Landmarks;
			sourceTree = "<group>";
		};
		8A24C2D42B06350700BBAD9A /* Preview Content */ = {
			isa = PBXGroup;
			children = (
				8A24C2D52B06350700BBAD9A /* Preview Assets.xcassets */,
			);
			path = "Preview Content";
			sourceTree = "<group>";
		};
		8A24C2E02B07743200BBAD9A /* Resources */ = {
			isa = PBXGroup;
			children = (
				8A24C2E12B07744300BBAD9A /* landmarkData.json */,
			);
			path = Resources;
			sourceTree = "<group>";
		};
		8A24C2E32B07747F00BBAD9A /* Model */ = {
			isa = PBXGroup;
			children = (
				8A24C2E52B0774B700BBAD9A /* Landmark.swift */,
				8A24C2E72B077C5000BBAD9A /* ModelData.swift */,
			);
			path = Model;
			sourceTree = "<group>";
		};
		8A24C2E42B07748A00BBAD9A /* Views */ = {
			isa = PBXGroup;
			children = (
				8A24C2D02B06350400BBAD9A /* ContentView.swift */,
				8A24C2DC2B075BB200BBAD9A /* CircleImage.swift */,
				8A24C2DE2B0764A000BBAD9A /* MapView.swift */,
				8A24C2EB2B07806F00BBAD9A /* LandmarkRow.swift */,
				8A709EF22B078A6E00E8C2F4 /* LandmarkList.swift */,
			);
			path = Views;
			sourceTree = "<group>";
		};
/* End PBXGroup section */

/* Begin PBXNativeTarget section */
		8A24C2CA2B06350400BBAD9A /* Landmarks */ = {
			isa = PBXNativeTarget;
			buildConfigurationList = 8A24C2D92B06350700BBAD9A /* Build configuration list for PBXNativeTarget "Landmarks" */;
			buildPhases = (
				8A24C2C72B06350400BBAD9A /* Sources */,
				8A24C2C82B06350400BBAD9A /* Frameworks */,
				8A24C2C92B06350400BBAD9A /* Resources */,
			);
			buildRules = (
			);
			dependencies = (
			);
			name = Landmarks;
			productName = Landmarks;
			productReference = 8A24C2CB2B06350400BBAD9A /* Landmarks.app */;
			productType = "com.apple.product-type.application";
		};
/* End PBXNativeTarget section */

/* Begin PBXProject section */
		8A24C2C32B06350400BBAD9A /* Project object */ = {
			isa = PBXProject;
			attributes = {
				BuildIndependentTargetsInParallel = 1;
				LastSwiftUpdateCheck = 1420;
				LastUpgradeCheck = 1420;
				TargetAttributes = {
					8A24C2CA2B06350400BBAD9A = {
						CreatedOnToolsVersion = 14.2;
					};
				};
			};
			buildConfigurationList = 8A24C2C62B06350400BBAD9A /* Build configuration list for PBXProject "Landmarks" */;
			compatibilityVersion = "Xcode 14.0";
			developmentRegion = en;
			hasScannedForEncodings = 0;
			knownRegions = (
				en,
				Base,
			);
			mainGroup = 8A24C2C22B06350400BBAD9A;
			productRefGroup = 8A24C2CC2B06350400BBAD9A /* Products */;
			projectDirPath = "";
			projectRoot = "";
			targets = (
				8A24C2CA2B06350400BBAD9A /* Landmarks */,
			);
		};
/* End PBXProject section */

/* Begin PBXResourcesBuildPhase section */
		8A24C2C92B06350400BBAD9A /* Resources */ = {
			isa = PBXResourcesBuildPhase;
			buildActionMask = 2147483647;
			files = (
				8A24C2D62B06350700BBAD9A /* Preview Assets.xcassets in Resources */,
				8A24C2D32B06350700BBAD9A /* Assets.xcassets in Resources */,
				8A24C2E22B07744300BBAD9A /* landmarkData.json in Resources */,
			);
			runOnlyForDeploymentPostprocessing = 0;
		};
/* End PBXResourcesBuildPhase section */

/* Begin PBXSourcesBuildPhase section */
		8A24C2C72B06350400BBAD9A /* Sources */ = {
			isa = PBXSourcesBuildPhase;
			buildActionMask = 2147483647;
			files = (
				8A24C2D12B06350400BBAD9A /* ContentView.swift in Sources */,
				8A24C2DF2B0764A000BBAD9A /* MapView.swift in Sources */,
				8A24C2CF2B06350400BBAD9A /* LandmarksApp.swift in Sources */,
				8A709EF32B078A6E00E8C2F4 /* LandmarkList.swift in Sources */,
				8A24C2DD2B075BB200BBAD9A /* CircleImage.swift in Sources */,
				8A24C2E62B0774B700BBAD9A /* Landmark.swift in Sources */,
				8A24C2EC2B07806F00BBAD9A /* LandmarkRow.swift in Sources */,
				8A24C2E82B077C5000BBAD9A /* ModelData.swift in Sources */,
			);
			runOnlyForDeploymentPostprocessing = 0;
		};
/* End PBXSourcesBuildPhase section */

/* Begin XCBuildConfiguration section */
		8A24C2D72B06350700BBAD9A /* Debug */ = {
			isa = XCBuildConfiguration;
			buildSettings = {
				ALWAYS_SEARCH_USER_PATHS = NO;
				CLANG_ANALYZER_NONNULL = YES;
				CLANG_ANALYZER_NUMBER_OBJECT_CONVERSION = YES_AGGRESSIVE;
				CLANG_CXX_LANGUAGE_STANDARD = "gnu++20";
				CLANG_ENABLE_MODULES = YES;
				CLANG_ENABLE_OBJC_ARC = YES;
				CLANG_ENABLE_OBJC_WEAK = YES;
				CLANG_WARN_BLOCK_CAPTURE_AUTORELEASING = YES;
				CLANG_WARN_BOOL_CONVERSION = YES;
				CLANG_WARN_COMMA = YES;
				CLANG_WARN_CONSTANT_CONVERSION = YES;
				CLANG_WARN_DEPRECATED_OBJC_IMPLEMENTATIONS = YES;
				CLANG_WARN_DIRECT_OBJC_ISA_USAGE = YES_ERROR;
				CLANG_WARN_DOCUMENTATION_COMMENTS = YES;
				CLANG_WARN_EMPTY_BODY = YES;
				CLANG_WARN_ENUM_CONVERSION = YES;
				CLANG_WARN_INFINITE_RECURSION = YES;
				CLANG_WARN_INT_CONVERSION = YES;
				CLANG_WARN_NON_LITERAL_NULL_CONVERSION = YES;
				CLANG_WARN_OBJC_IMPLICIT_RETAIN_SELF = YES;
				CLANG_WARN_OBJC_LITERAL_CONVERSION = YES;
				CLANG_WARN_OBJC_ROOT_CLASS = YES_ERROR;
				CLANG_WARN_QUOTED_INCLUDE_IN_FRAMEWORK_HEADER = YES;
				CLANG_WARN_RANGE_LOOP_ANALYSIS = YES;
				CLANG_WARN_STRICT_PROTOTYPES = YES;
				CLANG_WARN_SUSPICIOUS_MOVE = YES;
				CLANG_WARN_UNGUARDED_AVAILABILITY = YES_AGGRESSIVE;
				CLANG_WARN_UNREACHABLE_CODE = YES;
				CLANG_WARN__DUPLICATE_METHOD_MATCH = YES;
				COPY_PHASE_STRIP = NO;
				DEBUG_INFORMATION_FORMAT = dwarf;
				ENABLE_STRICT_OBJC_MSGSEND = YES;
				ENABLE_TESTABILITY = YES;
				GCC_C_LANGUAGE_STANDARD = gnu11;
				GCC_DYNAMIC_NO_PIC = NO;
				GCC_NO_COMMON_BLOCKS = YES;
				GCC_OPTIMIZATION_LEVEL = 0;
				GCC_PREPROCESSOR_DEFINITIONS = (
					"DEBUG=1",
					"$(inherited)",
				);
				GCC_WARN_64_TO_32_BIT_CONVERSION = YES;
				GCC_WARN_ABOUT_RETURN_TYPE = YES_ERROR;
				GCC_WARN_UNDECLARED_SELECTOR = YES;
				GCC_WARN_UNINITIALIZED_AUTOS = YES_AGGRESSIVE;
				GCC_WARN_UNUSED_FUNCTION = YES;
				GCC_WARN_UNUSED_VARIABLE = YES;
				IPHONEOS_DEPLOYMENT_TARGET = 16.2;
				MTL_ENABLE_DEBUG_INFO = INCLUDE_SOURCE;
				MTL_FAST_MATH = YES;
				ONLY_ACTIVE_ARCH = YES;
				SDKROOT = iphoneos;
				SWIFT_ACTIVE_COMPILATION_CONDITIONS = DEBUG;
				SWIFT_OPTIMIZATION_LEVEL = "-Onone";
			};
			name = Debug;
		};
		8A24C2D82B06350700BBAD9A /* Release */ = {
			isa = XCBuildConfiguration;
			buildSettings = {
				ALWAYS_SEARCH_USER_PATHS = NO;
				CLANG_ANALYZER_NONNULL = YES;
				CLANG_ANALYZER_NUMBER_OBJECT_CONVERSION = YES_AGGRESSIVE;
				CLANG_CXX_LANGUAGE_STANDARD = "gnu++20";
				CLANG_ENABLE_MODULES = YES;
				CLANG_ENABLE_OBJC_ARC = YES;
				CLANG_ENABLE_OBJC_WEAK = YES;
				CLANG_WARN_BLOCK_CAPTURE_AUTORELEASING = YES;
				CLANG_WARN_BOOL_CONVERSION = YES;
				CLANG_WARN_COMMA = YES;
				CLANG_WARN_CONSTANT_CONVERSION = YES;
				CLANG_WARN_DEPRECATED_OBJC_IMPLEMENTATIONS = YES;
				CLANG_WARN_DIRECT_OBJC_ISA_USAGE = YES_ERROR;
				CLANG_WARN_DOCUMENTATION_COMMENTS = YES;
				CLANG_WARN_EMPTY_BODY = YES;
				CLANG_WARN_ENUM_CONVERSION = YES;
				CLANG_WARN_INFINITE_RECURSION = YES;
				CLANG_WARN_INT_CONVERSION = YES;
				CLANG_WARN_NON_LITERAL_NULL_CONVERSION = YES;
				CLANG_WARN_OBJC_IMPLICIT_RETAIN_SELF = YES;
				CLANG_WARN_OBJC_LITERAL_CONVERSION = YES;
				CLANG_WARN_OBJC_ROOT_CLASS = YES_ERROR;
				CLANG_WARN_QUOTED_INCLUDE_IN_FRAMEWORK_HEADER = YES;
				CLANG_WARN_RANGE_LOOP_ANALYSIS = YES;
				CLANG_WARN_STRICT_PROTOTYPES = YES;
				CLANG_WARN_SUSPICIOUS_MOVE = YES;
				CLANG_WARN_UNGUARDED_AVAILABILITY = YES_AGGRESSIVE;
				CLANG_WARN_UNREACHABLE_CODE = YES;
				CLANG_WARN__DUPLICATE_METHOD_MATCH = YES;
				COPY_PHASE_STRIP = NO;
				DEBUG_INFORMATION_FORMAT = "dwarf-with-dsym";
				ENABLE_NS_ASSERTIONS = NO;
				ENABLE_STRICT_OBJC_MSGSEND = YES;
				GCC_C_LANGUAGE_STANDARD = gnu11;
				GCC_NO_COMMON_BLOCKS = YES;
				GCC_WARN_64_TO_32_BIT_CONVERSION = YES;
				GCC_WARN_ABOUT_RETURN_TYPE = YES_ERROR;
				GCC_WARN_UNDECLARED_SELECTOR = YES;
				GCC_WARN_UNINITIALIZED_AUTOS = YES_AGGRESSIVE;
				GCC_WARN_UNUSED_FUNCTION = YES;
				GCC_WARN_UNUSED_VARIABLE = YES;
				IPHONEOS_DEPLOYMENT_TARGET = 16.2;
				MTL_ENABLE_DEBUG_INFO = NO;
				MTL_FAST_MATH = YES;
				SDKROOT = iphoneos;
				SWIFT_COMPILATION_MODE = wholemodule;
				SWIFT_OPTIMIZATION_LEVEL = "-O";
				VALIDATE_PRODUCT = YES;
			};
			name = Release;
		};
		8A24C2DA2B06350700BBAD9A /* Debug */ = {
			isa = XCBuildConfiguration;
			buildSettings = {
				ASSETCATALOG_COMPILER_APPICON_NAME = AppIcon;
				ASSETCATALOG_COMPILER_GLOBAL_ACCENT_COLOR_NAME = AccentColor;
				CODE_SIGN_STYLE = Automatic;
				CURRENT_PROJECT_VERSION = 1;
				DEVELOPMENT_ASSET_PATHS = "\"Landmarks/Preview Content\"";
				DEVELOPMENT_TEAM = RR6V2Z4252;
				ENABLE_PREVIEWS = YES;
				GENERATE_INFOPLIST_FILE = YES;
				INFOPLIST_KEY_UIApplicationSceneManifest_Generation = YES;
				INFOPLIST_KEY_UIApplicationSupportsIndirectInputEvents = YES;
				INFOPLIST_KEY_UILaunchScreen_Generation = YES;
				INFOPLIST_KEY_UISupportedInterfaceOrientations_iPad = "UIInterfaceOrientationPortrait UIInterfaceOrientationPortraitUpsideDown UIInterfaceOrientationLandscapeLeft UIInterfaceOrientationLandscapeRight";
				INFOPLIST_KEY_UISupportedInterfaceOrientations_iPhone = "UIInterfaceOrientationPortrait UIInterfaceOrientationLandscapeLeft UIInterfaceOrientationLandscapeRight";
				LD_RUNPATH_SEARCH_PATHS = (
					"$(inherited)",
					"@executable_path/Frameworks",
				);
				MARKETING_VERSION = 1.0;
				PRODUCT_BUNDLE_IDENTIFIER = com.learn.Landmarks;
				PRODUCT_NAME = "$(TARGET_NAME)";
				SWIFT_EMIT_LOC_STRINGS = YES;
				SWIFT_VERSION = 5.0;
				TARGETED_DEVICE_FAMILY = "1,2";
			};
			name = Debug;
		};
		8A24C2DB2B06350700BBAD9A /* Release */ = {
			isa = XCBuildConfiguration;
			buildSettings = {
				ASSETCATALOG_COMPILER_APPICON_NAME = AppIcon;
				ASSETCATALOG_COMPILER_GLOBAL_ACCENT_COLOR_NAME = AccentColor;
				CODE_SIGN_STYLE = Automatic;
				CURRENT_PROJECT_VERSION = 1;
				DEVELOPMENT_ASSET_PATHS = "\"Landmarks/Preview Content\"";
				DEVELOPMENT_TEAM = RR6V2Z4252;
				ENABLE_PREVIEWS = YES;
				GENERATE_INFOPLIST_FILE = YES;
				INFOPLIST_KEY_UIApplicationSceneManifest_Generation = YES;
				INFOPLIST_KEY_UIApplicationSupportsIndirectInputEvents = YES;
				INFOPLIST_KEY_UILaunchScreen_Generation = YES;
				INFOPLIST_KEY_UISupportedInterfaceOrientations_iPad = "UIInterfaceOrientationPortrait UIInterfaceOrientationPortraitUpsideDown UIInterfaceOrientationLandscapeLeft UIInterfaceOrientationLandscapeRight";
				INFOPLIST_KEY_UISupportedInterfaceOrientations_iPhone = "UIInterfaceOrientationPortrait UIInterfaceOrientationLandscapeLeft UIInterfaceOrientationLandscapeRight";
				LD_RUNPATH_SEARCH_PATHS = (
					"$(inherited)",
					"@executable_path/Frameworks",
				);
				MARKETING_VERSION = 1.0;
				PRODUCT_BUNDLE_IDENTIFIER = com.learn.Landmarks;
				PRODUCT_NAME = "$(TARGET_NAME)";
				SWIFT_EMIT_LOC_STRINGS = YES;
				SWIFT_VERSION = 5.0;
				TARGETED_DEVICE_FAMILY = "1,2";
			};
			name = Release;
		};
/* End XCBuildConfiguration section */

/* Begin XCConfigurationList section */
		8A24C2C62B06350400BBAD9A /* Build configuration list for PBXProject "Landmarks" */ = {
			isa = XCConfigurationList;
			buildConfigurations = (
				8A24C2D72B06350700BBAD9A /* Debug */,
				8A24C2D82B06350700BBAD9A /* Release */,
			);
			defaultConfigurationIsVisible = 0;
			defaultConfigurationName = Release;
		};
		8A24C2D92B06350700BBAD9A /* Build configuration list for PBXNativeTarget "Landmarks" */ = {
			isa = XCConfigurationList;
			buildConfigurations = (
				8A24C2DA2B06350700BBAD9A /* Debug */,
				8A24C2DB2B06350700BBAD9A /* Release */,
			);
			defaultConfigurationIsVisible = 0;
			defaultConfigurationName = Release;
		};
/* End XCConfigurationList section */
	};
	rootObject = 8A24C2C32B06350400BBAD9A /* Project object */;
}
